<Solution>
  <Folder Name="/docs/">
    <File Path="docs\README.md" />
  </Folder>
  <Folder Name="/src/">
    <Project Path="src/Mediator/Mediator.csproj" Type="Classic C#" />
  </Folder>
  <Folder Name="/tests/">
    <Project Path="tests/Mediator.Tests/Mediator.Tests.csproj" Type="Classic C#" />
  </Folder>
</Solution>